
Microsoft Visual Studio Solution File, Format Version 12.00
# Visual Studio Version 16
VisualStudioVersion = 16.0.30320.27
MinimumVisualStudioVersion = 10.0.40219.1
Project("{8BC9CEB8-8B4A-11D0-8D11-00A0C91BC942}") = "A + B calculator", "A + B calculator\A + B calculator.vcxproj", "{F9514FB0-C243-4A90-BA8D-9658566EB63F}"
EndProject
Global
	GlobalSection(SolutionConfigurationPlatforms) = preSolution
		Debug|x64 = Debug|x64
		Debug|x86 = Debug|x86
		Release|x64 = Release|x64
		Release|x86 = Release|x86
	EndGlobalSection
	GlobalSection(ProjectConfigurationPlatforms) = postSolution
		{F9514FB0-C243-4A90-BA8D-9658566EB63F}.Debug|x64.ActiveCfg = Debug|x64
		{F9514FB0-C243-4A90-BA8D-9658566EB63F}.Debug|x64.Build.0 = Debug|x64
		{F9514FB0-C243-4A90-BA8D-9658566EB63F}.Debug|x86.ActiveCfg = Debug|Win32
		{F9514FB0-C243-4A90-BA8D-9658566EB63F}.Debug|x86.Build.0 = Debug|Win32
		{F9514FB0-C243-4A90-BA8D-9658566EB63F}.Release|x64.ActiveCfg = Release|x64
		{F9514FB0-C243-4A90-BA8D-9658566EB63F}.Release|x64.Build.0 = Release|x64
		{F9514FB0-C243-4A90-BA8D-9658566EB63F}.Release|x86.ActiveCfg = Release|Win32
		{F9514FB0-C243-4A90-BA8D-9658566EB63F}.Release|x86.Build.0 = Release|Win32
	EndGlobalSection
	GlobalSection(SolutionProperties) = preSolution
		HideSolutionNode = FALSE
	EndGlobalSection
	GlobalSection(ExtensibilityGlobals) = postSolution
		SolutionGuid = {E49F9EEA-0AFB-4366-9738-6659EE9E58B9}
	EndGlobalSection
EndGlobal
